
Microsoft Visual Studio Solution File, Format Version 12.00
# Visual Studio Version 16
VisualStudioVersion = 16.0.29519.87
MinimumVisualStudioVersion = 10.0.40219.1
Project("{FAE04EC0-301F-11D3-BF4B-00C04F79EFBC}") = "SearchElement", "SearchElement\SearchElement.csproj", "{928C60F6-F375-4FEB-966A-131A09E1CC09}"
EndProject
Global
	GlobalSection(SolutionConfigurationPlatforms) = preSolution
		Debug|Any CPU = Debug|Any CPU
		Release|Any CPU = Release|Any CPU
	EndGlobalSection
	GlobalSection(ProjectConfigurationPlatforms) = postSolution
		{928C60F6-F375-4FEB-966A-131A09E1CC09}.Debug|Any CPU.ActiveCfg = Debug|Any CPU
		{928C60F6-F375-4FEB-966A-131A09E1CC09}.Debug|Any CPU.Build.0 = Debug|Any CPU
		{928C60F6-F375-4FEB-966A-131A09E1CC09}.Release|Any CPU.ActiveCfg = Release|Any CPU
		{928C60F6-F375-4FEB-966A-131A09E1CC09}.Release|Any CPU.Build.0 = Release|Any CPU
	EndGlobalSection
	GlobalSection(SolutionProperties) = preSolution
		HideSolutionNode = FALSE
	EndGlobalSection
	GlobalSection(ExtensibilityGlobals) = postSolution
		SolutionGuid = {359C9B6C-7774-4896-8353-48585BED7068}
	EndGlobalSection
EndGlobal
